
Microsoft Visual Studio Solution File, Format Version 12.00
# Visual Studio Version 16
VisualStudioVersion = 16.0.31702.278
MinimumVisualStudioVersion = 10.0.40219.1
Project("{9A19103F-16F7-4668-BE54-9A1E7A4F7556}") = "Rewards.API", "Rewards.API\Rewards.API.csproj", "{63CFA05F-4E7E-44DF-96E9-00E174033A36}"
EndProject
Project("{9A19103F-16F7-4668-BE54-9A1E7A4F7556}") = "RewardEngine", "RewardEngine\RewardEngine.csproj", "{3498090C-DA2A-4C9F-A470-8ED47B9633C9}"
EndProject
Project("{9A19103F-16F7-4668-BE54-9A1E7A4F7556}") = "Rewards.Models", "Rewards.Models\Rewards.Models.csproj", "{85686F8F-C75C-41BD-965B-E2992BB39430}"
EndProject
Project("{9A19103F-16F7-4668-BE54-9A1E7A4F7556}") = "Repository", "Repository\Repository.csproj", "{B1CD08E0-2C38-4835-AA8D-0B6181E9997E}"
EndProject
Project("{FAE04EC0-301F-11D3-BF4B-00C04F79EFBC}") = "Rewards.API.UnitTests", "Rewards.API.UnitTests\Rewards.API.UnitTests.csproj", "{CA830F10-9FB3-4536-AB75-DEAACEF7E433}"
EndProject
Global
	GlobalSection(SolutionConfigurationPlatforms) = preSolution
		Debug|Any CPU = Debug|Any CPU
		Release|Any CPU = Release|Any CPU
	EndGlobalSection
	GlobalSection(ProjectConfigurationPlatforms) = postSolution
		{63CFA05F-4E7E-44DF-96E9-00E174033A36}.Debug|Any CPU.ActiveCfg = Debug|Any CPU
		{63CFA05F-4E7E-44DF-96E9-00E174033A36}.Debug|Any CPU.Build.0 = Debug|Any CPU
		{63CFA05F-4E7E-44DF-96E9-00E174033A36}.Release|Any CPU.ActiveCfg = Release|Any CPU
		{63CFA05F-4E7E-44DF-96E9-00E174033A36}.Release|Any CPU.Build.0 = Release|Any CPU
		{3498090C-DA2A-4C9F-A470-8ED47B9633C9}.Debug|Any CPU.ActiveCfg = Debug|Any CPU
		{3498090C-DA2A-4C9F-A470-8ED47B9633C9}.Debug|Any CPU.Build.0 = Debug|Any CPU
		{3498090C-DA2A-4C9F-A470-8ED47B9633C9}.Release|Any CPU.ActiveCfg = Release|Any CPU
		{3498090C-DA2A-4C9F-A470-8ED47B9633C9}.Release|Any CPU.Build.0 = Release|Any CPU
		{85686F8F-C75C-41BD-965B-E2992BB39430}.Debug|Any CPU.ActiveCfg = Debug|Any CPU
		{85686F8F-C75C-41BD-965B-E2992BB39430}.Debug|Any CPU.Build.0 = Debug|Any CPU
		{85686F8F-C75C-41BD-965B-E2992BB39430}.Release|Any CPU.ActiveCfg = Release|Any CPU
		{85686F8F-C75C-41BD-965B-E2992BB39430}.Release|Any CPU.Build.0 = Release|Any CPU
		{B1CD08E0-2C38-4835-AA8D-0B6181E9997E}.Debug|Any CPU.ActiveCfg = Debug|Any CPU
		{B1CD08E0-2C38-4835-AA8D-0B6181E9997E}.Debug|Any CPU.Build.0 = Debug|Any CPU
		{B1CD08E0-2C38-4835-AA8D-0B6181E9997E}.Release|Any CPU.ActiveCfg = Release|Any CPU
		{B1CD08E0-2C38-4835-AA8D-0B6181E9997E}.Release|Any CPU.Build.0 = Release|Any CPU
		{CA830F10-9FB3-4536-AB75-DEAACEF7E433}.Debug|Any CPU.ActiveCfg = Debug|Any CPU
		{CA830F10-9FB3-4536-AB75-DEAACEF7E433}.Debug|Any CPU.Build.0 = Debug|Any CPU
		{CA830F10-9FB3-4536-AB75-DEAACEF7E433}.Release|Any CPU.ActiveCfg = Release|Any CPU
		{CA830F10-9FB3-4536-AB75-DEAACEF7E433}.Release|Any CPU.Build.0 = Release|Any CPU
	EndGlobalSection
	GlobalSection(SolutionProperties) = preSolution
		HideSolutionNode = FALSE
	EndGlobalSection
	GlobalSection(ExtensibilityGlobals) = postSolution
		SolutionGuid = {158CA59E-6B0F-4B54-A9FC-A1692C30CF31}
	EndGlobalSection
EndGlobal
